
Microsoft Visual Studio Solution File, Format Version 12.00
# Visual Studio Version 17
VisualStudioVersion = 17.5.33516.290
MinimumVisualStudioVersion = 10.0.40219.1
Project("{FAE04EC0-301F-11D3-BF4B-00C04F79EFBC}") = "ControleLivrosMongoDB", "ControleLivrosMongoDB\ControleLivrosMongoDB.csproj", "{44AED79A-1FD6-4ADD-B038-F8E5E84FC7AA}"
EndProject
Project("{FAE04EC0-301F-11D3-BF4B-00C04F79EFBC}") = "Models", "Models\Models.csproj", "{96FDE25D-4A45-4C59-BA00-599FBDE300B6}"
EndProject
Project("{FAE04EC0-301F-11D3-BF4B-00C04F79EFBC}") = "Controllers", "Controllers\Controllers.csproj", "{4B457DCB-73BC-4927-9500-A6FAAE73CA95}"
EndProject
Project("{2150E333-8FDC-42A3-9474-1A3956D46DE8}") = "Arquivos", "Arquivos", "{BF53FE66-FC45-46E1-AB89-238ADF96062B}"
	ProjectSection(SolutionItems) = preProject
		desenho.drawio = desenho.drawio
	EndProjectSection
EndProject
Global
	GlobalSection(SolutionConfigurationPlatforms) = preSolution
		Debug|Any CPU = Debug|Any CPU
		Release|Any CPU = Release|Any CPU
	EndGlobalSection
	GlobalSection(ProjectConfigurationPlatforms) = postSolution
		{44AED79A-1FD6-4ADD-B038-F8E5E84FC7AA}.Debug|Any CPU.ActiveCfg = Debug|Any CPU
		{44AED79A-1FD6-4ADD-B038-F8E5E84FC7AA}.Debug|Any CPU.Build.0 = Debug|Any CPU
		{44AED79A-1FD6-4ADD-B038-F8E5E84FC7AA}.Release|Any CPU.ActiveCfg = Release|Any CPU
		{44AED79A-1FD6-4ADD-B038-F8E5E84FC7AA}.Release|Any CPU.Build.0 = Release|Any CPU
		{96FDE25D-4A45-4C59-BA00-599FBDE300B6}.Debug|Any CPU.ActiveCfg = Debug|Any CPU
		{96FDE25D-4A45-4C59-BA00-599FBDE300B6}.Debug|Any CPU.Build.0 = Debug|Any CPU
		{96FDE25D-4A45-4C59-BA00-599FBDE300B6}.Release|Any CPU.ActiveCfg = Release|Any CPU
		{96FDE25D-4A45-4C59-BA00-599FBDE300B6}.Release|Any CPU.Build.0 = Release|Any CPU
		{4B457DCB-73BC-4927-9500-A6FAAE73CA95}.Debug|Any CPU.ActiveCfg = Debug|Any CPU
		{4B457DCB-73BC-4927-9500-A6FAAE73CA95}.Debug|Any CPU.Build.0 = Debug|Any CPU
		{4B457DCB-73BC-4927-9500-A6FAAE73CA95}.Release|Any CPU.ActiveCfg = Release|Any CPU
		{4B457DCB-73BC-4927-9500-A6FAAE73CA95}.Release|Any CPU.Build.0 = Release|Any CPU
	EndGlobalSection
	GlobalSection(SolutionProperties) = preSolution
		HideSolutionNode = FALSE
	EndGlobalSection
	GlobalSection(ExtensibilityGlobals) = postSolution
		SolutionGuid = {0E59F6D0-1B20-487C-9FA7-F757C888D727}
	EndGlobalSection
EndGlobal
